
Microsoft Visual Studio Solution File, Format Version 12.00
# Visual Studio Version 17
VisualStudioVersion = 17.0.31903.59
MinimumVisualStudioVersion = 10.0.40219.1
Project("{FAE04EC0-301F-11D3-BF4B-00C04F79EFBC}") = "ConsoleApp1", "ConsoleApp1\ConsoleApp1.csproj", "{48C6A83F-7603-41E1-A837-3DF362C260C8}"
EndProject
Project("{FAE04EC0-301F-11D3-BF4B-00C04F79EFBC}") = "ConsoleApp2", "ConsoleApp2\ConsoleApp2.csproj", "{53E17C01-4BC8-4FFD-8873-46DE61475E75}"
EndProject
Project("{FAE04EC0-301F-11D3-BF4B-00C04F79EFBC}") = "ConsoleApp3", "ConsoleApp3\ConsoleApp3.csproj", "{8282CFF1-21D9-4F1B-B497-A9F52AE75C0B}"
EndProject
Project("{FAE04EC0-301F-11D3-BF4B-00C04F79EFBC}") = "Exercicio1", "Exercicio1\Exercicio1.csproj", "{B46234FC-3C0C-4AE4-8301-86AD8A59EE8B}"
EndProject
Project("{FAE04EC0-301F-11D3-BF4B-00C04F79EFBC}") = "ExercicioPratico1", "ExercicioPratico1\ExercicioPratico1.csproj", "{39D6B8CE-9EB3-4580-9323-F805A8072513}"
EndProject
Project("{FAE04EC0-301F-11D3-BF4B-00C04F79EFBC}") = "ExerciciosURI", "ExerciciosURI\ExerciciosURI.csproj", "{3FA902A7-EE95-44E8-B528-657CC1BAD68A}"
EndProject
Project("{FAE04EC0-301F-11D3-BF4B-00C04F79EFBC}") = "URI1003", "URI1003\URI1003.csproj", "{5D08EA2E-014F-46EA-A8C9-27AFFFD64653}"
EndProject
Project("{FAE04EC0-301F-11D3-BF4B-00C04F79EFBC}") = "uri1004", "uri1004\uri1004.csproj", "{ABF92D77-7E80-4712-A73A-80D56ED458BB}"
EndProject
Project("{FAE04EC0-301F-11D3-BF4B-00C04F79EFBC}") = "URI1007", "URI1007\URI1007.csproj", "{0AEDF472-B1DD-40B8-9B15-E105F1510F76}"
EndProject
Project("{FAE04EC0-301F-11D3-BF4B-00C04F79EFBC}") = "URI1008", "URI1008\URI1008.csproj", "{7B9B6137-51F8-4AFE-B06B-96ED9F21CA5C}"
EndProject
Project("{FAE04EC0-301F-11D3-BF4B-00C04F79EFBC}") = "URI1010", "URI1010\URI1010.csproj", "{CB1E73A6-1671-40ED-A640-95752B4DCE3C}"
EndProject
Project("{FAE04EC0-301F-11D3-BF4B-00C04F79EFBC}") = "URI1014", "URI1014\URI1014.csproj", "{6D8B778F-5C30-4B3D-8CC5-FF20C2DE76C9}"
EndProject
Project("{FAE04EC0-301F-11D3-BF4B-00C04F79EFBC}") = "URI1016", "URI1016\URI1016.csproj", "{BA7B6DAE-B6DC-49BF-B135-B77B21A88635}"
EndProject
Project("{FAE04EC0-301F-11D3-BF4B-00C04F79EFBC}") = "URI1017", "URI1017\URI1017.csproj", "{ED7684C3-B478-4912-916D-B969DC37EEBE}"
EndProject
Project("{FAE04EC0-301F-11D3-BF4B-00C04F79EFBC}") = "URI1005", "URI1005\URI1005.csproj", "{A9DEDDA6-6EA3-4BA5-8DA2-30B7FD4C7A7F}"
EndProject
Global
	GlobalSection(SolutionConfigurationPlatforms) = preSolution
		Debug|Any CPU = Debug|Any CPU
		Debug|x64 = Debug|x64
		Debug|x86 = Debug|x86
		Release|Any CPU = Release|Any CPU
		Release|x64 = Release|x64
		Release|x86 = Release|x86
	EndGlobalSection
	GlobalSection(ProjectConfigurationPlatforms) = postSolution
		{48C6A83F-7603-41E1-A837-3DF362C260C8}.Debug|Any CPU.ActiveCfg = Debug|Any CPU
		{48C6A83F-7603-41E1-A837-3DF362C260C8}.Debug|Any CPU.Build.0 = Debug|Any CPU
		{48C6A83F-7603-41E1-A837-3DF362C260C8}.Debug|x64.ActiveCfg = Debug|Any CPU
		{48C6A83F-7603-41E1-A837-3DF362C260C8}.Debug|x64.Build.0 = Debug|Any CPU
		{48C6A83F-7603-41E1-A837-3DF362C260C8}.Debug|x86.ActiveCfg = Debug|Any CPU
		{48C6A83F-7603-41E1-A837-3DF362C260C8}.Debug|x86.Build.0 = Debug|Any CPU
		{48C6A83F-7603-41E1-A837-3DF362C260C8}.Release|Any CPU.ActiveCfg = Release|Any CPU
		{48C6A83F-7603-41E1-A837-3DF362C260C8}.Release|Any CPU.Build.0 = Release|Any CPU
		{48C6A83F-7603-41E1-A837-3DF362C260C8}.Release|x64.ActiveCfg = Release|Any CPU
		{48C6A83F-7603-41E1-A837-3DF362C260C8}.Release|x64.Build.0 = Release|Any CPU
		{48C6A83F-7603-41E1-A837-3DF362C260C8}.Release|x86.ActiveCfg = Release|Any CPU
		{48C6A83F-7603-41E1-A837-3DF362C260C8}.Release|x86.Build.0 = Release|Any CPU
		{53E17C01-4BC8-4FFD-8873-46DE61475E75}.Debug|Any CPU.ActiveCfg = Debug|Any CPU
		{53E17C01-4BC8-4FFD-8873-46DE61475E75}.Debug|Any CPU.Build.0 = Debug|Any CPU
		{53E17C01-4BC8-4FFD-8873-46DE61475E75}.Debug|x64.ActiveCfg = Debug|Any CPU
		{53E17C01-4BC8-4FFD-8873-46DE61475E75}.Debug|x64.Build.0 = Debug|Any CPU
		{53E17C01-4BC8-4FFD-8873-46DE61475E75}.Debug|x86.ActiveCfg = Debug|Any CPU
		{53E17C01-4BC8-4FFD-8873-46DE61475E75}.Debug|x86.Build.0 = Debug|Any CPU
		{53E17C01-4BC8-4FFD-8873-46DE61475E75}.Release|Any CPU.ActiveCfg = Release|Any CPU
		{53E17C01-4BC8-4FFD-8873-46DE61475E75}.Release|Any CPU.Build.0 = Release|Any CPU
		{53E17C01-4BC8-4FFD-8873-46DE61475E75}.Release|x64.ActiveCfg = Release|Any CPU
		{53E17C01-4BC8-4FFD-8873-46DE61475E75}.Release|x64.Build.0 = Release|Any CPU
		{53E17C01-4BC8-4FFD-8873-46DE61475E75}.Release|x86.ActiveCfg = Release|Any CPU
		{53E17C01-4BC8-4FFD-8873-46DE61475E75}.Release|x86.Build.0 = Release|Any CPU
		{8282CFF1-21D9-4F1B-B497-A9F52AE75C0B}.Debug|Any CPU.ActiveCfg = Debug|Any CPU
		{8282CFF1-21D9-4F1B-B497-A9F52AE75C0B}.Debug|Any CPU.Build.0 = Debug|Any CPU
		{8282CFF1-21D9-4F1B-B497-A9F52AE75C0B}.Debug|x64.ActiveCfg = Debug|Any CPU
		{8282CFF1-21D9-4F1B-B497-A9F52AE75C0B}.Debug|x64.Build.0 = Debug|Any CPU
		{8282CFF1-21D9-4F1B-B497-A9F52AE75C0B}.Debug|x86.ActiveCfg = Debug|Any CPU
		{8282CFF1-21D9-4F1B-B497-A9F52AE75C0B}.Debug|x86.Build.0 = Debug|Any CPU
		{8282CFF1-21D9-4F1B-B497-A9F52AE75C0B}.Release|Any CPU.ActiveCfg = Release|Any CPU
		{8282CFF1-21D9-4F1B-B497-A9F52AE75C0B}.Release|Any CPU.Build.0 = Release|Any CPU
		{8282CFF1-21D9-4F1B-B497-A9F52AE75C0B}.Release|x64.ActiveCfg = Release|Any CPU
		{8282CFF1-21D9-4F1B-B497-A9F52AE75C0B}.Release|x64.Build.0 = Release|Any CPU
		{8282CFF1-21D9-4F1B-B497-A9F52AE75C0B}.Release|x86.ActiveCfg = Release|Any CPU
		{8282CFF1-21D9-4F1B-B497-A9F52AE75C0B}.Release|x86.Build.0 = Release|Any CPU
		{B46234FC-3C0C-4AE4-8301-86AD8A59EE8B}.Debug|Any CPU.ActiveCfg = Debug|Any CPU
		{B46234FC-3C0C-4AE4-8301-86AD8A59EE8B}.Debug|Any CPU.Build.0 = Debug|Any CPU
		{B46234FC-3C0C-4AE4-8301-86AD8A59EE8B}.Debug|x64.ActiveCfg = Debug|Any CPU
		{B46234FC-3C0C-4AE4-8301-86AD8A59EE8B}.Debug|x64.Build.0 = Debug|Any CPU
		{B46234FC-3C0C-4AE4-8301-86AD8A59EE8B}.Debug|x86.ActiveCfg = Debug|Any CPU
		{B46234FC-3C0C-4AE4-8301-86AD8A59EE8B}.Debug|x86.Build.0 = Debug|Any CPU
		{B46234FC-3C0C-4AE4-8301-86AD8A59EE8B}.Release|Any CPU.ActiveCfg = Release|Any CPU
		{B46234FC-3C0C-4AE4-8301-86AD8A59EE8B}.Release|Any CPU.Build.0 = Release|Any CPU
		{B46234FC-3C0C-4AE4-8301-86AD8A59EE8B}.Release|x64.ActiveCfg = Release|Any CPU
		{B46234FC-3C0C-4AE4-8301-86AD8A59EE8B}.Release|x64.Build.0 = Release|Any CPU
		{B46234FC-3C0C-4AE4-8301-86AD8A59EE8B}.Release|x86.ActiveCfg = Release|Any CPU
		{B46234FC-3C0C-4AE4-8301-86AD8A59EE8B}.Release|x86.Build.0 = Release|Any CPU
		{39D6B8CE-9EB3-4580-9323-F805A8072513}.Debug|Any CPU.ActiveCfg = Debug|Any CPU
		{39D6B8CE-9EB3-4580-9323-F805A8072513}.Debug|Any CPU.Build.0 = Debug|Any CPU
		{39D6B8CE-9EB3-4580-9323-F805A8072513}.Debug|x64.ActiveCfg = Debug|Any CPU
		{39D6B8CE-9EB3-4580-9323-F805A8072513}.Debug|x64.Build.0 = Debug|Any CPU
		{39D6B8CE-9EB3-4580-9323-F805A8072513}.Debug|x86.ActiveCfg = Debug|Any CPU
		{39D6B8CE-9EB3-4580-9323-F805A8072513}.Debug|x86.Build.0 = Debug|Any CPU
		{39D6B8CE-9EB3-4580-9323-F805A8072513}.Release|Any CPU.ActiveCfg = Release|Any CPU
		{39D6B8CE-9EB3-4580-9323-F805A8072513}.Release|Any CPU.Build.0 = Release|Any CPU
		{39D6B8CE-9EB3-4580-9323-F805A8072513}.Release|x64.ActiveCfg = Release|Any CPU
		{39D6B8CE-9EB3-4580-9323-F805A8072513}.Release|x64.Build.0 = Release|Any CPU
		{39D6B8CE-9EB3-4580-9323-F805A8072513}.Release|x86.ActiveCfg = Release|Any CPU
		{39D6B8CE-9EB3-4580-9323-F805A8072513}.Release|x86.Build.0 = Release|Any CPU
		{3FA902A7-EE95-44E8-B528-657CC1BAD68A}.Debug|Any CPU.ActiveCfg = Debug|Any CPU
		{3FA902A7-EE95-44E8-B528-657CC1BAD68A}.Debug|Any CPU.Build.0 = Debug|Any CPU
		{3FA902A7-EE95-44E8-B528-657CC1BAD68A}.Debug|x64.ActiveCfg = Debug|Any CPU
		{3FA902A7-EE95-44E8-B528-657CC1BAD68A}.Debug|x64.Build.0 = Debug|Any CPU
		{3FA902A7-EE95-44E8-B528-657CC1BAD68A}.Debug|x86.ActiveCfg = Debug|Any CPU
		{3FA902A7-EE95-44E8-B528-657CC1BAD68A}.Debug|x86.Build.0 = Debug|Any CPU
		{3FA902A7-EE95-44E8-B528-657CC1BAD68A}.Release|Any CPU.ActiveCfg = Release|Any CPU
		{3FA902A7-EE95-44E8-B528-657CC1BAD68A}.Release|Any CPU.Build.0 = Release|Any CPU
		{3FA902A7-EE95-44E8-B528-657CC1BAD68A}.Release|x64.ActiveCfg = Release|Any CPU
		{3FA902A7-EE95-44E8-B528-657CC1BAD68A}.Release|x64.Build.0 = Release|Any CPU
		{3FA902A7-EE95-44E8-B528-657CC1BAD68A}.Release|x86.ActiveCfg = Release|Any CPU
		{3FA902A7-EE95-44E8-B528-657CC1BAD68A}.Release|x86.Build.0 = Release|Any CPU
		{5D08EA2E-014F-46EA-A8C9-27AFFFD64653}.Debug|Any CPU.ActiveCfg = Debug|Any CPU
		{5D08EA2E-014F-46EA-A8C9-27AFFFD64653}.Debug|Any CPU.Build.0 = Debug|Any CPU
		{5D08EA2E-014F-46EA-A8C9-27AFFFD64653}.Debug|x64.ActiveCfg = Debug|Any CPU
		{5D08EA2E-014F-46EA-A8C9-27AFFFD64653}.Debug|x64.Build.0 = Debug|Any CPU
		{5D08EA2E-014F-46EA-A8C9-27AFFFD64653}.Debug|x86.ActiveCfg = Debug|Any CPU
		{5D08EA2E-014F-46EA-A8C9-27AFFFD64653}.Debug|x86.Build.0 = Debug|Any CPU
		{5D08EA2E-014F-46EA-A8C9-27AFFFD64653}.Release|Any CPU.ActiveCfg = Release|Any CPU
		{5D08EA2E-014F-46EA-A8C9-27AFFFD64653}.Release|Any CPU.Build.0 = Release|Any CPU
		{5D08EA2E-014F-46EA-A8C9-27AFFFD64653}.Release|x64.ActiveCfg = Release|Any CPU
		{5D08EA2E-014F-46EA-A8C9-27AFFFD64653}.Release|x64.Build.0 = Release|Any CPU
		{5D08EA2E-014F-46EA-A8C9-27AFFFD64653}.Release|x86.ActiveCfg = Release|Any CPU
		{5D08EA2E-014F-46EA-A8C9-27AFFFD64653}.Release|x86.Build.0 = Release|Any CPU
		{ABF92D77-7E80-4712-A73A-80D56ED458BB}.Debug|Any CPU.ActiveCfg = Debug|Any CPU
		{ABF92D77-7E80-4712-A73A-80D56ED458BB}.Debug|Any CPU.Build.0 = Debug|Any CPU
		{ABF92D77-7E80-4712-A73A-80D56ED458BB}.Debug|x64.ActiveCfg = Debug|Any CPU
		{ABF92D77-7E80-4712-A73A-80D56ED458BB}.Debug|x64.Build.0 = Debug|Any CPU
		{ABF92D77-7E80-4712-A73A-80D56ED458BB}.Debug|x86.ActiveCfg = Debug|Any CPU
		{ABF92D77-7E80-4712-A73A-80D56ED458BB}.Debug|x86.Build.0 = Debug|Any CPU
		{ABF92D77-7E80-4712-A73A-80D56ED458BB}.Release|Any CPU.ActiveCfg = Release|Any CPU
		{ABF92D77-7E80-4712-A73A-80D56ED458BB}.Release|Any CPU.Build.0 = Release|Any CPU
		{ABF92D77-7E80-4712-A73A-80D56ED458BB}.Release|x64.ActiveCfg = Release|Any CPU
		{ABF92D77-7E80-4712-A73A-80D56ED458BB}.Release|x64.Build.0 = Release|Any CPU
		{ABF92D77-7E80-4712-A73A-80D56ED458BB}.Release|x86.ActiveCfg = Release|Any CPU
		{ABF92D77-7E80-4712-A73A-80D56ED458BB}.Release|x86.Build.0 = Release|Any CPU
		{0AEDF472-B1DD-40B8-9B15-E105F1510F76}.Debug|Any CPU.ActiveCfg = Debug|Any CPU
		{0AEDF472-B1DD-40B8-9B15-E105F1510F76}.Debug|Any CPU.Build.0 = Debug|Any CPU
		{0AEDF472-B1DD-40B8-9B15-E105F1510F76}.Debug|x64.ActiveCfg = Debug|Any CPU
		{0AEDF472-B1DD-40B8-9B15-E105F1510F76}.Debug|x64.Build.0 = Debug|Any CPU
		{0AEDF472-B1DD-40B8-9B15-E105F1510F76}.Debug|x86.ActiveCfg = Debug|Any CPU
		{0AEDF472-B1DD-40B8-9B15-E105F1510F76}.Debug|x86.Build.0 = Debug|Any CPU
		{0AEDF472-B1DD-40B8-9B15-E105F1510F76}.Release|Any CPU.ActiveCfg = Release|Any CPU
		{0AEDF472-B1DD-40B8-9B15-E105F1510F76}.Release|Any CPU.Build.0 = Release|Any CPU
		{0AEDF472-B1DD-40B8-9B15-E105F1510F76}.Release|x64.ActiveCfg = Release|Any CPU
		{0AEDF472-B1DD-40B8-9B15-E105F1510F76}.Release|x64.Build.0 = Release|Any CPU
		{0AEDF472-B1DD-40B8-9B15-E105F1510F76}.Release|x86.ActiveCfg = Release|Any CPU
		{0AEDF472-B1DD-40B8-9B15-E105F1510F76}.Release|x86.Build.0 = Release|Any CPU
		{7B9B6137-51F8-4AFE-B06B-96ED9F21CA5C}.Debug|Any CPU.ActiveCfg = Debug|Any CPU
		{7B9B6137-51F8-4AFE-B06B-96ED9F21CA5C}.Debug|Any CPU.Build.0 = Debug|Any CPU
		{7B9B6137-51F8-4AFE-B06B-96ED9F21CA5C}.Debug|x64.ActiveCfg = Debug|Any CPU
		{7B9B6137-51F8-4AFE-B06B-96ED9F21CA5C}.Debug|x64.Build.0 = Debug|Any CPU
		{7B9B6137-51F8-4AFE-B06B-96ED9F21CA5C}.Debug|x86.ActiveCfg = Debug|Any CPU
		{7B9B6137-51F8-4AFE-B06B-96ED9F21CA5C}.Debug|x86.Build.0 = Debug|Any CPU
		{7B9B6137-51F8-4AFE-B06B-96ED9F21CA5C}.Release|Any CPU.ActiveCfg = Release|Any CPU
		{7B9B6137-51F8-4AFE-B06B-96ED9F21CA5C}.Release|Any CPU.Build.0 = Release|Any CPU
		{7B9B6137-51F8-4AFE-B06B-96ED9F21CA5C}.Release|x64.ActiveCfg = Release|Any CPU
		{7B9B6137-51F8-4AFE-B06B-96ED9F21CA5C}.Release|x64.Build.0 = Release|Any CPU
		{7B9B6137-51F8-4AFE-B06B-96ED9F21CA5C}.Release|x86.ActiveCfg = Release|Any CPU
		{7B9B6137-51F8-4AFE-B06B-96ED9F21CA5C}.Release|x86.Build.0 = Release|Any CPU
		{CB1E73A6-1671-40ED-A640-95752B4DCE3C}.Debug|Any CPU.ActiveCfg = Debug|Any CPU
		{CB1E73A6-1671-40ED-A640-95752B4DCE3C}.Debug|Any CPU.Build.0 = Debug|Any CPU
		{CB1E73A6-1671-40ED-A640-95752B4DCE3C}.Debug|x64.ActiveCfg = Debug|Any CPU
		{CB1E73A6-1671-40ED-A640-95752B4DCE3C}.Debug|x64.Build.0 = Debug|Any CPU
		{CB1E73A6-1671-40ED-A640-95752B4DCE3C}.Debug|x86.ActiveCfg = Debug|Any CPU
		{CB1E73A6-1671-40ED-A640-95752B4DCE3C}.Debug|x86.Build.0 = Debug|Any CPU
		{CB1E73A6-1671-40ED-A640-95752B4DCE3C}.Release|Any CPU.ActiveCfg = Release|Any CPU
		{CB1E73A6-1671-40ED-A640-95752B4DCE3C}.Release|Any CPU.Build.0 = Release|Any CPU
		{CB1E73A6-1671-40ED-A640-95752B4DCE3C}.Release|x64.ActiveCfg = Release|Any CPU
		{CB1E73A6-1671-40ED-A640-95752B4DCE3C}.Release|x64.Build.0 = Release|Any CPU
		{CB1E73A6-1671-40ED-A640-95752B4DCE3C}.Release|x86.ActiveCfg = Release|Any CPU
		{CB1E73A6-1671-40ED-A640-95752B4DCE3C}.Release|x86.Build.0 = Release|Any CPU
		{6D8B778F-5C30-4B3D-8CC5-FF20C2DE76C9}.Debug|Any CPU.ActiveCfg = Debug|Any CPU
		{6D8B778F-5C30-4B3D-8CC5-FF20C2DE76C9}.Debug|Any CPU.Build.0 = Debug|Any CPU
		{6D8B778F-5C30-4B3D-8CC5-FF20C2DE76C9}.Debug|x64.ActiveCfg = Debug|Any CPU
		{6D8B778F-5C30-4B3D-8CC5-FF20C2DE76C9}.Debug|x64.Build.0 = Debug|Any CPU
		{6D8B778F-5C30-4B3D-8CC5-FF20C2DE76C9}.Debug|x86.ActiveCfg = Debug|Any CPU
		{6D8B778F-5C30-4B3D-8CC5-FF20C2DE76C9}.Debug|x86.Build.0 = Debug|Any CPU
		{6D8B778F-5C30-4B3D-8CC5-FF20C2DE76C9}.Release|Any CPU.ActiveCfg = Release|Any CPU
		{6D8B778F-5C30-4B3D-8CC5-FF20C2DE76C9}.Release|Any CPU.Build.0 = Release|Any CPU
		{6D8B778F-5C30-4B3D-8CC5-FF20C2DE76C9}.Release|x64.ActiveCfg = Release|Any CPU
		{6D8B778F-5C30-4B3D-8CC5-FF20C2DE76C9}.Release|x64.Build.0 = Release|Any CPU
		{6D8B778F-5C30-4B3D-8CC5-FF20C2DE76C9}.Release|x86.ActiveCfg = Release|Any CPU
		{6D8B778F-5C30-4B3D-8CC5-FF20C2DE76C9}.Release|x86.Build.0 = Release|Any CPU
		{BA7B6DAE-B6DC-49BF-B135-B77B21A88635}.Debug|Any CPU.ActiveCfg = Debug|Any CPU
		{BA7B6DAE-B6DC-49BF-B135-B77B21A88635}.Debug|Any CPU.Build.0 = Debug|Any CPU
		{BA7B6DAE-B6DC-49BF-B135-B77B21A88635}.Debug|x64.ActiveCfg = Debug|Any CPU
		{BA7B6DAE-B6DC-49BF-B135-B77B21A88635}.Debug|x64.Build.0 = Debug|Any CPU
		{BA7B6DAE-B6DC-49BF-B135-B77B21A88635}.Debug|x86.ActiveCfg = Debug|Any CPU
		{BA7B6DAE-B6DC-49BF-B135-B77B21A88635}.Debug|x86.Build.0 = Debug|Any CPU
		{BA7B6DAE-B6DC-49BF-B135-B77B21A88635}.Release|Any CPU.ActiveCfg = Release|Any CPU
		{BA7B6DAE-B6DC-49BF-B135-B77B21A88635}.Release|Any CPU.Build.0 = Release|Any CPU
		{BA7B6DAE-B6DC-49BF-B135-B77B21A88635}.Release|x64.ActiveCfg = Release|Any CPU
		{BA7B6DAE-B6DC-49BF-B135-B77B21A88635}.Release|x64.Build.0 = Release|Any CPU
		{BA7B6DAE-B6DC-49BF-B135-B77B21A88635}.Release|x86.ActiveCfg = Release|Any CPU
		{BA7B6DAE-B6DC-49BF-B135-B77B21A88635}.Release|x86.Build.0 = Release|Any CPU
		{ED7684C3-B478-4912-916D-B969DC37EEBE}.Debug|Any CPU.ActiveCfg = Debug|Any CPU
		{ED7684C3-B478-4912-916D-B969DC37EEBE}.Debug|Any CPU.Build.0 = Debug|Any CPU
		{ED7684C3-B478-4912-916D-B969DC37EEBE}.Debug|x64.ActiveCfg = Debug|Any CPU
		{ED7684C3-B478-4912-916D-B969DC37EEBE}.Debug|x64.Build.0 = Debug|Any CPU
		{ED7684C3-B478-4912-916D-B969DC37EEBE}.Debug|x86.ActiveCfg = Debug|Any CPU
		{ED7684C3-B478-4912-916D-B969DC37EEBE}.Debug|x86.Build.0 = Debug|Any CPU
		{ED7684C3-B478-4912-916D-B969DC37EEBE}.Release|Any CPU.ActiveCfg = Release|Any CPU
		{ED7684C3-B478-4912-916D-B969DC37EEBE}.Release|Any CPU.Build.0 = Release|Any CPU
		{ED7684C3-B478-4912-916D-B969DC37EEBE}.Release|x64.ActiveCfg = Release|Any CPU
		{ED7684C3-B478-4912-916D-B969DC37EEBE}.Release|x64.Build.0 = Release|Any CPU
		{ED7684C3-B478-4912-916D-B969DC37EEBE}.Release|x86.ActiveCfg = Release|Any CPU
		{ED7684C3-B478-4912-916D-B969DC37EEBE}.Release|x86.Build.0 = Release|Any CPU
		{A9DEDDA6-6EA3-4BA5-8DA2-30B7FD4C7A7F}.Debug|Any CPU.ActiveCfg = Debug|Any CPU
		{A9DEDDA6-6EA3-4BA5-8DA2-30B7FD4C7A7F}.Debug|Any CPU.Build.0 = Debug|Any CPU
		{A9DEDDA6-6EA3-4BA5-8DA2-30B7FD4C7A7F}.Debug|x64.ActiveCfg = Debug|Any CPU
		{A9DEDDA6-6EA3-4BA5-8DA2-30B7FD4C7A7F}.Debug|x64.Build.0 = Debug|Any CPU
		{A9DEDDA6-6EA3-4BA5-8DA2-30B7FD4C7A7F}.Debug|x86.ActiveCfg = Debug|Any CPU
		{A9DEDDA6-6EA3-4BA5-8DA2-30B7FD4C7A7F}.Debug|x86.Build.0 = Debug|Any CPU
		{A9DEDDA6-6EA3-4BA5-8DA2-30B7FD4C7A7F}.Release|Any CPU.ActiveCfg = Release|Any CPU
		{A9DEDDA6-6EA3-4BA5-8DA2-30B7FD4C7A7F}.Release|Any CPU.Build.0 = Release|Any CPU
		{A9DEDDA6-6EA3-4BA5-8DA2-30B7FD4C7A7F}.Release|x64.ActiveCfg = Release|Any CPU
		{A9DEDDA6-6EA3-4BA5-8DA2-30B7FD4C7A7F}.Release|x64.Build.0 = Release|Any CPU
		{A9DEDDA6-6EA3-4BA5-8DA2-30B7FD4C7A7F}.Release|x86.ActiveCfg = Release|Any CPU
		{A9DEDDA6-6EA3-4BA5-8DA2-30B7FD4C7A7F}.Release|x86.Build.0 = Release|Any CPU
	EndGlobalSection
	GlobalSection(SolutionProperties) = preSolution
		HideSolutionNode = FALSE
	EndGlobalSection
EndGlobal
